// !$*UTF8*$!
{
	archiveVersion = 1;
	classes = {
	};
	objectVersion = 46;
	objects = {

/* Begin PBXBuildFile section */
		1DD605461CD94BD50018730E /* SharedFramework.h in Headers */ = {isa = PBXBuildFile; fileRef = 1DD605451CD94BD50018730E /* SharedFramework.h */; settings = {ATTRIBUTES = (Public, ); }; };
		1DD6054E1CD94BF00018730E /* Event.swift in Sources */ = {isa = PBXBuildFile; fileRef = 1DD6054D1CD94BF00018730E /* Event.swift */; };
		1DD6058C1CDA7D830018730E /* ServerBaseAPI.swift in Sources */ = {isa = PBXBuildFile; fileRef = 1DD6058B1CDA7D830018730E /* ServerBaseAPI.swift */; };
		1DD6058F1CDA7E380018730E /* BaseModel.swift in Sources */ = {isa = PBXBuildFile; fileRef = 1DD6058E1CDA7E380018730E /* BaseModel.swift */; };
		1DD605911CDA80240018730E /* Speed.swift in Sources */ = {isa = PBXBuildFile; fileRef = 1DD605901CDA80240018730E /* Speed.swift */; };
		1DD605931CDA80A40018730E /* GradientColor.swift in Sources */ = {isa = PBXBuildFile; fileRef = 1DD605921CDA80A40018730E /* GradientColor.swift */; };
		1DD605971CDA94C10018730E /* DateTime.swift in Sources */ = {isa = PBXBuildFile; fileRef = 1DD605961CDA94C10018730E /* DateTime.swift */; };
		1DFF38691CDBBB7D0021DC07 /* KeyValueFileWriter.swift in Sources */ = {isa = PBXBuildFile; fileRef = 1DFF38681CDBBB7D0021DC07 /* KeyValueFileWriter.swift */; };
		1DFF386D1CDBBE110021DC07 /* Cache.swift in Sources */ = {isa = PBXBuildFile; fileRef = 1DFF386C1CDBBE110021DC07 /* Cache.swift */; };
		1DFF386F1CDBBE780021DC07 /* RingBuffer.swift in Sources */ = {isa = PBXBuildFile; fileRef = 1DFF386E1CDBBE780021DC07 /* RingBuffer.swift */; };
/* End PBXBuildFile section */

/* Begin PBXFileReference section */
		1DD605421CD94BD50018730E /* SharedFramework.framework */ = {isa = PBXFileReference; explicitFileType = wrapper.framework; includeInIndex = 0; path = SharedFramework.framework; sourceTree = BUILT_PRODUCTS_DIR; };
		1DD605451CD94BD50018730E /* SharedFramework.h */ = {isa = PBXFileReference; lastKnownFileType = sourcecode.c.h; path = SharedFramework.h; sourceTree = "<group>"; };
		1DD605471CD94BD50018730E /* Info.plist */ = {isa = PBXFileReference; lastKnownFileType = text.plist.xml; path = Info.plist; sourceTree = "<group>"; };
		1DD6054D1CD94BF00018730E /* Event.swift */ = {isa = PBXFileReference; fileEncoding = 4; lastKnownFileType = sourcecode.swift; path = Event.swift; sourceTree = "<group>"; };
		1DD6058B1CDA7D830018730E /* ServerBaseAPI.swift */ = {isa = PBXFileReference; fileEncoding = 4; lastKnownFileType = sourcecode.swift; path = ServerBaseAPI.swift; sourceTree = "<group>"; };
		1DD6058E1CDA7E380018730E /* BaseModel.swift */ = {isa = PBXFileReference; fileEncoding = 4; lastKnownFileType = sourcecode.swift; path = BaseModel.swift; sourceTree = "<group>"; };
		1DD605901CDA80240018730E /* Speed.swift */ = {isa = PBXFileReference; fileEncoding = 4; lastKnownFileType = sourcecode.swift; path = Speed.swift; sourceTree = "<group>"; };
		1DD605921CDA80A40018730E /* GradientColor.swift */ = {isa = PBXFileReference; fileEncoding = 4; lastKnownFileType = sourcecode.swift; path = GradientColor.swift; sourceTree = "<group>"; };
		1DD605961CDA94C10018730E /* DateTime.swift */ = {isa = PBXFileReference; fileEncoding = 4; lastKnownFileType = sourcecode.swift; path = DateTime.swift; sourceTree = "<group>"; };
		1DFF38681CDBBB7D0021DC07 /* KeyValueFileWriter.swift */ = {isa = PBXFileReference; fileEncoding = 4; lastKnownFileType = sourcecode.swift; path = KeyValueFileWriter.swift; sourceTree = "<group>"; };
		1DFF386C1CDBBE110021DC07 /* Cache.swift */ = {isa = PBXFileReference; fileEncoding = 4; lastKnownFileType = sourcecode.swift; path = Cache.swift; sourceTree = "<group>"; };
		1DFF386E1CDBBE780021DC07 /* RingBuffer.swift */ = {isa = PBXFileReference; fileEncoding = 4; lastKnownFileType = sourcecode.swift; path = RingBuffer.swift; sourceTree = "<group>"; };
/* End PBXFileReference section */

/* Begin PBXFrameworksBuildPhase section */
		1DD6053E1CD94BD50018730E /* Frameworks */ = {
			isa = PBXFrameworksBuildPhase;
			buildActionMask = 2147483647;
			files = (
			);
			runOnlyForDeploymentPostprocessing = 0;
		};
/* End PBXFrameworksBuildPhase section */

/* Begin PBXGroup section */
		1DD605381CD94BD50018730E = {
			isa = PBXGroup;
			children = (
				1DD605441CD94BD50018730E /* SharedFramework */,
				1DD605431CD94BD50018730E /* Products */,
			);
			sourceTree = "<group>";
		};
		1DD605431CD94BD50018730E /* Products */ = {
			isa = PBXGroup;
			children = (
				1DD605421CD94BD50018730E /* SharedFramework.framework */,
			);
			name = Products;
			sourceTree = "<group>";
		};
		1DD605441CD94BD50018730E /* SharedFramework */ = {
			isa = PBXGroup;
			children = (
				1DFF38681CDBBB7D0021DC07 /* KeyValueFileWriter.swift */,
				1DD6058D1CDA7E2C0018730E /* Models */,
				1DD605451CD94BD50018730E /* SharedFramework.h */,
				1DD605471CD94BD50018730E /* Info.plist */,
				1DD6054D1CD94BF00018730E /* Event.swift */,
				1DD6058B1CDA7D830018730E /* ServerBaseAPI.swift */,
				1DD605901CDA80240018730E /* Speed.swift */,
				1DD605921CDA80A40018730E /* GradientColor.swift */,
				1DD605961CDA94C10018730E /* DateTime.swift */,
				1DFF386C1CDBBE110021DC07 /* Cache.swift */,
				1DFF386E1CDBBE780021DC07 /* RingBuffer.swift */,
			);
			path = SharedFramework;
			sourceTree = "<group>";
		};
		1DD6058D1CDA7E2C0018730E /* Models */ = {
			isa = PBXGroup;
			children = (
				1DD6058E1CDA7E380018730E /* BaseModel.swift */,
			);
			name = Models;
			sourceTree = "<group>";
		};
/* End PBXGroup section */

/* Begin PBXHeadersBuildPhase section */
		1DD6053F1CD94BD50018730E /* Headers */ = {
			isa = PBXHeadersBuildPhase;
			buildActionMask = 2147483647;
			files = (
				1DD605461CD94BD50018730E /* SharedFramework.h in Headers */,
			);
			runOnlyForDeploymentPostprocessing = 0;
		};
/* End PBXHeadersBuildPhase section */

/* Begin PBXNativeTarget section */
		1DD605411CD94BD50018730E /* SharedFramework */ = {
			isa = PBXNativeTarget;
			buildConfigurationList = 1DD6054A1CD94BD50018730E /* Build configuration list for PBXNativeTarget "SharedFramework" */;
			buildPhases = (
				1DD6053D1CD94BD50018730E /* Sources */,
				1DD6053E1CD94BD50018730E /* Frameworks */,
				1DD6053F1CD94BD50018730E /* Headers */,
				1DD605401CD94BD50018730E /* Resources */,
			);
			buildRules = (
			);
			dependencies = (
			);
			name = SharedFramework;
			productName = SharedFramework;
			productReference = 1DD605421CD94BD50018730E /* SharedFramework.framework */;
			productType = "com.apple.product-type.framework";
		};
/* End PBXNativeTarget section */

/* Begin PBXProject section */
		1DD605391CD94BD50018730E /* Project object */ = {
			isa = PBXProject;
			attributes = {
				LastUpgradeCheck = 0800;
				ORGANIZATIONNAME = DevTeam;
				TargetAttributes = {
					1DD605411CD94BD50018730E = {
						CreatedOnToolsVersion = 7.3;
						DevelopmentTeam = Y7EDXDN93M;
					};
				};
			};
			buildConfigurationList = 1DD6053C1CD94BD50018730E /* Build configuration list for PBXProject "SharedFramework" */;
			compatibilityVersion = "Xcode 3.2";
			developmentRegion = English;
			hasScannedForEncodings = 0;
			knownRegions = (
				en,
			);
			mainGroup = 1DD605381CD94BD50018730E;
			productRefGroup = 1DD605431CD94BD50018730E /* Products */;
			projectDirPath = "";
			projectRoot = "";
			targets = (
				1DD605411CD94BD50018730E /* SharedFramework */,
			);
		};
/* End PBXProject section */

/* Begin PBXResourcesBuildPhase section */
		1DD605401CD94BD50018730E /* Resources */ = {
			isa = PBXResourcesBuildPhase;
			buildActionMask = 2147483647;
			files = (
			);
			runOnlyForDeploymentPostprocessing = 0;
		};
/* End PBXResourcesBuildPhase section */

/* Begin PBXSourcesBuildPhase section */
		1DD6053D1CD94BD50018730E /* Sources */ = {
			isa = PBXSourcesBuildPhase;
			buildActionMask = 2147483647;
			files = (
				1DD6058F1CDA7E380018730E /* BaseModel.swift in Sources */,
				1DD6058C1CDA7D830018730E /* ServerBaseAPI.swift in Sources */,
				1DFF386F1CDBBE780021DC07 /* RingBuffer.swift in Sources */,
				1DFF386D1CDBBE110021DC07 /* Cache.swift in Sources */,
				1DD6054E1CD94BF00018730E /* Event.swift in Sources */,
				1DD605911CDA80240018730E /* Speed.swift in Sources */,
				1DD605971CDA94C10018730E /* DateTime.swift in Sources */,
				1DFF38691CDBBB7D0021DC07 /* KeyValueFileWriter.swift in Sources */,
				1DD605931CDA80A40018730E /* GradientColor.swift in Sources */,
			);
			runOnlyForDeploymentPostprocessing = 0;
		};
/* End PBXSourcesBuildPhase section */

/* Begin XCBuildConfiguration section */
		1DD605481CD94BD50018730E /* Debug */ = {
			isa = XCBuildConfiguration;
			buildSettings = {
				ALWAYS_SEARCH_USER_PATHS = NO;
				CLANG_ANALYZER_NONNULL = YES;
				CLANG_CXX_LANGUAGE_STANDARD = "gnu++0x";
				CLANG_CXX_LIBRARY = "libc++";
				CLANG_ENABLE_MODULES = YES;
				CLANG_ENABLE_OBJC_ARC = YES;
				CLANG_WARN_BOOL_CONVERSION = YES;
				CLANG_WARN_CONSTANT_CONVERSION = YES;
				CLANG_WARN_DIRECT_OBJC_ISA_USAGE = YES_ERROR;
				CLANG_WARN_EMPTY_BODY = YES;
				CLANG_WARN_ENUM_CONVERSION = YES;
				CLANG_WARN_INFINITE_RECURSION = YES;
				CLANG_WARN_INT_CONVERSION = YES;
				CLANG_WARN_OBJC_ROOT_CLASS = YES_ERROR;
				CLANG_WARN_SUSPICIOUS_MOVE = YES;
				CLANG_WARN_UNREACHABLE_CODE = YES;
				CLANG_WARN__DUPLICATE_METHOD_MATCH = YES;
				"CODE_SIGN_IDENTITY[sdk=iphoneos*]" = "iPhone Developer";
				COPY_PHASE_STRIP = NO;
				CURRENT_PROJECT_VERSION = 1;
				DEBUG_INFORMATION_FORMAT = dwarf;
				ENABLE_STRICT_OBJC_MSGSEND = YES;
				ENABLE_TESTABILITY = YES;
				GCC_C_LANGUAGE_STANDARD = gnu99;
				GCC_DYNAMIC_NO_PIC = NO;
				GCC_NO_COMMON_BLOCKS = YES;
				GCC_OPTIMIZATION_LEVEL = 0;
				GCC_PREPROCESSOR_DEFINITIONS = (
					"DEBUG=1",
					"$(inherited)",
				);
				GCC_WARN_64_TO_32_BIT_CONVERSION = YES;
				GCC_WARN_ABOUT_RETURN_TYPE = YES_ERROR;
				GCC_WARN_UNDECLARED_SELECTOR = YES;
				GCC_WARN_UNINITIALIZED_AUTOS = YES_AGGRESSIVE;
				GCC_WARN_UNUSED_FUNCTION = YES;
				GCC_WARN_UNUSED_VARIABLE = YES;
				IPHONEOS_DEPLOYMENT_TARGET = 9.3;
				MTL_ENABLE_DEBUG_INFO = YES;
				ONLY_ACTIVE_ARCH = YES;
				SDKROOT = iphoneos;
				SWIFT_OPTIMIZATION_LEVEL = "-Onone";
				TARGETED_DEVICE_FAMILY = "1,2";
				VERSIONING_SYSTEM = "apple-generic";
				VERSION_INFO_PREFIX = "";
			};
			name = Debug;
		};
		1DD605491CD94BD50018730E /* Release */ = {
			isa = XCBuildConfiguration;
			buildSettings = {
				ALWAYS_SEARCH_USER_PATHS = NO;
				CLANG_ANALYZER_NONNULL = YES;
				CLANG_CXX_LANGUAGE_STANDARD = "gnu++0x";
				CLANG_CXX_LIBRARY = "libc++";
				CLANG_ENABLE_MODULES = YES;
				CLANG_ENABLE_OBJC_ARC = YES;
				CLANG_WARN_BOOL_CONVERSION = YES;
				CLANG_WARN_CONSTANT_CONVERSION = YES;
				CLANG_WARN_DIRECT_OBJC_ISA_USAGE = YES_ERROR;
				CLANG_WARN_EMPTY_BODY = YES;
				CLANG_WARN_ENUM_CONVERSION = YES;
				CLANG_WARN_INFINITE_RECURSION = YES;
				CLANG_WARN_INT_CONVERSION = YES;
				CLANG_WARN_OBJC_ROOT_CLASS = YES_ERROR;
				CLANG_WARN_SUSPICIOUS_MOVE = YES;
				CLANG_WARN_UNREACHABLE_CODE = YES;
				CLANG_WARN__DUPLICATE_METHOD_MATCH = YES;
				"CODE_SIGN_IDENTITY[sdk=iphoneos*]" = "iPhone Developer";
				COPY_PHASE_STRIP = NO;
				CURRENT_PROJECT_VERSION = 1;
				DEBUG_INFORMATION_FORMAT = "dwarf-with-dsym";
				ENABLE_NS_ASSERTIONS = NO;
				ENABLE_STRICT_OBJC_MSGSEND = YES;
				GCC_C_LANGUAGE_STANDARD = gnu99;
				GCC_NO_COMMON_BLOCKS = YES;
				GCC_WARN_64_TO_32_BIT_CONVERSION = YES;
				GCC_WARN_ABOUT_RETURN_TYPE = YES_ERROR;
				GCC_WARN_UNDECLARED_SELECTOR = YES;
				GCC_WARN_UNINITIALIZED_AUTOS = YES_AGGRESSIVE;
				GCC_WARN_UNUSED_FUNCTION = YES;
				GCC_WARN_UNUSED_VARIABLE = YES;
				IPHONEOS_DEPLOYMENT_TARGET = 9.3;
				MTL_ENABLE_DEBUG_INFO = NO;
				SDKROOT = iphoneos;
				SWIFT_OPTIMIZATION_LEVEL = "-Owholemodule";
				TARGETED_DEVICE_FAMILY = "1,2";
				VALIDATE_PRODUCT = YES;
				VERSIONING_SYSTEM = "apple-generic";
				VERSION_INFO_PREFIX = "";
			};
			name = Release;
		};
		1DD6054B1CD94BD50018730E /* Debug */ = {
			isa = XCBuildConfiguration;
			buildSettings = {
				CLANG_ENABLE_MODULES = YES;
				CODE_SIGN_IDENTITY = "iPhone Developer";
				"CODE_SIGN_IDENTITY[sdk=iphoneos*]" = "";
				DEFINES_MODULE = YES;
				DEVELOPMENT_TEAM = Y7EDXDN93M;
				DYLIB_COMPATIBILITY_VERSION = 1;
				DYLIB_CURRENT_VERSION = 1;
				DYLIB_INSTALL_NAME_BASE = "@rpath";
				INFOPLIST_FILE = SharedFramework/Info.plist;
				INSTALL_PATH = "$(LOCAL_LIBRARY_DIR)/Frameworks";
				IPHONEOS_DEPLOYMENT_TARGET = 8.0;
				LD_RUNPATH_SEARCH_PATHS = "$(inherited) @executable_path/Frameworks @loader_path/Frameworks";
				PRODUCT_BUNDLE_IDENTIFIER = ACTransit.SharedFramework;
				PRODUCT_NAME = "$(TARGET_NAME)";
				SKIP_INSTALL = YES;
				SWIFT_OPTIMIZATION_LEVEL = "-Onone";
				SWIFT_VERSION = 2.3;
				TARGETED_DEVICE_FAMILY = "1,2";
			};
			name = Debug;
		};
		1DD6054C1CD94BD50018730E /* Release */ = {
			isa = XCBuildConfiguration;
			buildSettings = {
				CLANG_ENABLE_MODULES = YES;
				CODE_SIGN_IDENTITY = "iPhone Developer";
				"CODE_SIGN_IDENTITY[sdk=iphoneos*]" = "";
				DEFINES_MODULE = YES;
				DEVELOPMENT_TEAM = Y7EDXDN93M;
				DYLIB_COMPATIBILITY_VERSION = 1;
				DYLIB_CURRENT_VERSION = 1;
				DYLIB_INSTALL_NAME_BASE = "@rpath";
				INFOPLIST_FILE = SharedFramework/Info.plist;
				INSTALL_PATH = "$(LOCAL_LIBRARY_DIR)/Frameworks";
				IPHONEOS_DEPLOYMENT_TARGET = 8.0;
				LD_RUNPATH_SEARCH_PATHS = "$(inherited) @executable_path/Frameworks @loader_path/Frameworks";
				PRODUCT_BUNDLE_IDENTIFIER = ACTransit.SharedFramework;
				PRODUCT_NAME = "$(TARGET_NAME)";
				SKIP_INSTALL = YES;
				SWIFT_VERSION = 2.3;
				TARGETED_DEVICE_FAMILY = "1,2";
			};
			name = Release;
		};
/* End XCBuildConfiguration section */

/* Begin XCConfigurationList section */
		1DD6053C1CD94BD50018730E /* Build configuration list for PBXProject "SharedFramework" */ = {
			isa = XCConfigurationList;
			buildConfigurations = (
				1DD605481CD94BD50018730E /* Debug */,
				1DD605491CD94BD50018730E /* Release */,
			);
			defaultConfigurationIsVisible = 0;
			defaultConfigurationName = Release;
		};
		1DD6054A1CD94BD50018730E /* Build configuration list for PBXNativeTarget "SharedFramework" */ = {
			isa = XCConfigurationList;
			buildConfigurations = (
				1DD6054B1CD94BD50018730E /* Debug */,
				1DD6054C1CD94BD50018730E /* Release */,
			);
			defaultConfigurationIsVisible = 0;
			defaultConfigurationName = Release;
		};
/* End XCConfigurationList section */
	};
	rootObject = 1DD605391CD94BD50018730E /* Project object */;
}
