// !$*UTF8*$!
{
	archiveVersion = 1;
	classes = {
	};
	objectVersion = 46;
	objects = {

/* Begin PBXBuildFile section */
		1D02E2021C59392300EFB0EC /* DisclaimerViewControler.swift in Sources */ = {isa = PBXBuildFile; fileRef = 1D02E2011C59392300EFB0EC /* DisclaimerViewControler.swift */; };
		1D02E2071C594D3400EFB0EC /* KeyValue.swift in Sources */ = {isa = PBXBuildFile; fileRef = 1D02E2061C594D3400EFB0EC /* KeyValue.swift */; };
		1D02E2091C59764700EFB0EC /* UITextFieldCustomDelegate.swift in Sources */ = {isa = PBXBuildFile; fileRef = 1D02E2081C59764700EFB0EC /* UITextFieldCustomDelegate.swift */; };
		1D03887A1C33181900303FDC /* Timepoint.swift in Sources */ = {isa = PBXBuildFile; fileRef = 1D0388791C33181900303FDC /* Timepoint.swift */; };
		1D21FCED1C6D326600EC9620 /* FeedbackViewController.swift in Sources */ = {isa = PBXBuildFile; fileRef = 1D21FCEC1C6D326600EC9620 /* FeedbackViewController.swift */; };
		1D21FCEF1C6E313300EC9620 /* FeedbackModel.swift in Sources */ = {isa = PBXBuildFile; fileRef = 1D21FCEE1C6E313300EC9620 /* FeedbackModel.swift */; };
		1D21FCF11C7388A700EC9620 /* TextViewCustomDelegate.swift in Sources */ = {isa = PBXBuildFile; fileRef = 1D21FCF01C7388A700EC9620 /* TextViewCustomDelegate.swift */; };
		1D21FCF31C73A20900EC9620 /* MapInfoHelperView.swift in Sources */ = {isa = PBXBuildFile; fileRef = 1D21FCF21C73A20900EC9620 /* MapInfoHelperView.swift */; };
		1D21FCF51C73A24D00EC9620 /* MapInfoHelperView.xib in Resources */ = {isa = PBXBuildFile; fileRef = 1D21FCF41C73A24D00EC9620 /* MapInfoHelperView.xib */; };
		1D2CE21C1D2F02390066944F /* VersionHelper.swift in Sources */ = {isa = PBXBuildFile; fileRef = 1D2CE21B1D2F02390066944F /* VersionHelper.swift */; };
		1D32C34E1C6BB9BA001117B3 /* RankView.xib in Resources */ = {isa = PBXBuildFile; fileRef = 1D32C34D1C6BB9BA001117B3 /* RankView.xib */; };
		1D32C3501C6BBA0C001117B3 /* RankView.swift in Sources */ = {isa = PBXBuildFile; fileRef = 1D32C34F1C6BBA0C001117B3 /* RankView.swift */; };
		1D32C3571C6CDD43001117B3 /* CustomTableViewCell.swift in Sources */ = {isa = PBXBuildFile; fileRef = 1D32C3551C6CDD43001117B3 /* CustomTableViewCell.swift */; };
		1D32C3581C6CDD43001117B3 /* CustomTableViewCell.xib in Resources */ = {isa = PBXBuildFile; fileRef = 1D32C3561C6CDD43001117B3 /* CustomTableViewCell.xib */; };
		1D32C35A1C6CF934001117B3 /* Common.swift in Sources */ = {isa = PBXBuildFile; fileRef = 1D32C3591C6CF934001117B3 /* Common.swift */; };
		1D38ABF01C230F290017EC9E /* AppDelegate.swift in Sources */ = {isa = PBXBuildFile; fileRef = 1D38ABEF1C230F290017EC9E /* AppDelegate.swift */; };
		1D38ABF21C230F290017EC9E /* MapViewController.swift in Sources */ = {isa = PBXBuildFile; fileRef = 1D38ABF11C230F290017EC9E /* MapViewController.swift */; };
		1D38ABF51C230F290017EC9E /* Main.storyboard in Resources */ = {isa = PBXBuildFile; fileRef = 1D38ABF31C230F290017EC9E /* Main.storyboard */; };
		1D38ABF71C230F290017EC9E /* Assets.xcassets in Resources */ = {isa = PBXBuildFile; fileRef = 1D38ABF61C230F290017EC9E /* Assets.xcassets */; };
		1D38ABFA1C230F290017EC9E /* LaunchScreen.storyboard in Resources */ = {isa = PBXBuildFile; fileRef = 1D38ABF81C230F290017EC9E /* LaunchScreen.storyboard */; };
		1D38AC051C230F290017EC9E /* RestroomTests.swift in Sources */ = {isa = PBXBuildFile; fileRef = 1D38AC041C230F290017EC9E /* RestroomTests.swift */; };
		1D38AC101C230F290017EC9E /* RestroomUITests.swift in Sources */ = {isa = PBXBuildFile; fileRef = 1D38AC0F1C230F290017EC9E /* RestroomUITests.swift */; };
		1D38AC1E1C2331150017EC9E /* StartupViewController.swift in Sources */ = {isa = PBXBuildFile; fileRef = 1D38AC1D1C2331150017EC9E /* StartupViewController.swift */; };
		1D38AC221C2464920017EC9E /* LocationAnnotation.swift in Sources */ = {isa = PBXBuildFile; fileRef = 1D38AC211C2464920017EC9E /* LocationAnnotation.swift */; };
		1D38AC241C2487B10017EC9E /* ServerAPI.swift in Sources */ = {isa = PBXBuildFile; fileRef = 1D38AC231C2487B10017EC9E /* ServerAPI.swift */; };
		1D38AC261C24B63D0017EC9E /* MapDelegate.swift in Sources */ = {isa = PBXBuildFile; fileRef = 1D38AC251C24B63D0017EC9E /* MapDelegate.swift */; };
		1D38AC281C24C39B0017EC9E /* RestroomAnnotation.swift in Sources */ = {isa = PBXBuildFile; fileRef = 1D38AC271C24C39B0017EC9E /* RestroomAnnotation.swift */; };
		1D38AC2A1C28CF600017EC9E /* Extensions.swift in Sources */ = {isa = PBXBuildFile; fileRef = 1D38AC291C28CF600017EC9E /* Extensions.swift */; };
		1D38AC2C1C2A09F10017EC9E /* RestStop.swift in Sources */ = {isa = PBXBuildFile; fileRef = 1D38AC2B1C2A09F10017EC9E /* RestStop.swift */; };
		1D38AC2F1C2A0A800017EC9E /* OperationModel.swift in Sources */ = {isa = PBXBuildFile; fileRef = 1D38AC2E1C2A0A800017EC9E /* OperationModel.swift */; };
		1D4D95DB1C65115D00C80B90 /* Threading.swift in Sources */ = {isa = PBXBuildFile; fileRef = 1D4D95DA1C65115D00C80B90 /* Threading.swift */; };
		1D519E701CE507750058C58D /* GoogleService-Info.plist in Resources */ = {isa = PBXBuildFile; fileRef = 1D519E6F1CE507750058C58D /* GoogleService-Info.plist */; };
		1D5E84251D2EC109008CAE07 /* VersionModel.swift in Sources */ = {isa = PBXBuildFile; fileRef = 1D5E84241D2EC109008CAE07 /* VersionModel.swift */; };
		1D6FB57E1C5FB3A80074DA5D /* FilterViewController.swift in Sources */ = {isa = PBXBuildFile; fileRef = 1D6FB57D1C5FB3A80074DA5D /* FilterViewController.swift */; };
		1D6FB5801C5FB5450074DA5D /* BaseViewController.swift in Sources */ = {isa = PBXBuildFile; fileRef = 1D6FB57F1C5FB5450074DA5D /* BaseViewController.swift */; };
		1D6FB5851C6007470074DA5D /* ComboView.swift in Sources */ = {isa = PBXBuildFile; fileRef = 1D6FB5841C6007470074DA5D /* ComboView.swift */; };
		1D6FB5871C6007840074DA5D /* ComboView.xib in Resources */ = {isa = PBXBuildFile; fileRef = 1D6FB5861C6007840074DA5D /* ComboView.xib */; };
		1D6FB5891C626FA20074DA5D /* RouteModel.swift in Sources */ = {isa = PBXBuildFile; fileRef = 1D6FB5881C626FA20074DA5D /* RouteModel.swift */; };
		1DB008721C74E03800AE4AD1 /* Enums.swift in Sources */ = {isa = PBXBuildFile; fileRef = 1DB008711C74E03800AE4AD1 /* Enums.swift */; };
		1DB0087A1C7B8B5400AE4AD1 /* AppStorage.swift in Sources */ = {isa = PBXBuildFile; fileRef = 1DB008791C7B8B5400AE4AD1 /* AppStorage.swift */; };
		1DD605851CDA60120018730E /* SharedFramework.framework in Frameworks */ = {isa = PBXBuildFile; fileRef = 1DD605841CDA5FE20018730E /* SharedFramework.framework */; };
		1DD605861CDA60120018730E /* SharedFramework.framework in Embed Frameworks */ = {isa = PBXBuildFile; fileRef = 1DD605841CDA5FE20018730E /* SharedFramework.framework */; settings = {ATTRIBUTES = (CodeSignOnCopy, RemoveHeadersOnCopy, ); }; };
		1DF5821A1C8F5B9F0051002D /* MapBaseViewController.swift in Sources */ = {isa = PBXBuildFile; fileRef = 1DF582191C8F5B9F0051002D /* MapBaseViewController.swift */; };
		1DFF38711CDBC3850021DC07 /* Constants.swift in Sources */ = {isa = PBXBuildFile; fileRef = 1DFF38701CDBC3850021DC07 /* Constants.swift */; };
		1DFF38731CE251990021DC07 /* BaseModel.swift in Sources */ = {isa = PBXBuildFile; fileRef = 1DFF38721CE251990021DC07 /* BaseModel.swift */; };
		1DFF38751CE2628F0021DC07 /* DisclaimerModel.swift in Sources */ = {isa = PBXBuildFile; fileRef = 1DFF38741CE2628F0021DC07 /* DisclaimerModel.swift */; };
		B6B8EB5666F2E2C4B9DFC898 /* Pods_RestroomUITests.framework in Frameworks */ = {isa = PBXBuildFile; fileRef = 82CA0FB2BF3DFC404664E80A /* Pods_RestroomUITests.framework */; };
		F897A386F381EF853CFFECD6 /* Pods_RestroomTests.framework in Frameworks */ = {isa = PBXBuildFile; fileRef = 7825C646B0AD0C25265A35EE /* Pods_RestroomTests.framework */; };
/* End PBXBuildFile section */

/* Begin PBXContainerItemProxy section */
		1D38AC011C230F290017EC9E /* PBXContainerItemProxy */ = {
			isa = PBXContainerItemProxy;
			containerPortal = 1D38ABE41C230F290017EC9E /* Project object */;
			proxyType = 1;
			remoteGlobalIDString = 1D38ABEB1C230F290017EC9E;
			remoteInfo = Restroom;
		};
		1D38AC0C1C230F290017EC9E /* PBXContainerItemProxy */ = {
			isa = PBXContainerItemProxy;
			containerPortal = 1D38ABE41C230F290017EC9E /* Project object */;
			proxyType = 1;
			remoteGlobalIDString = 1D38ABEB1C230F290017EC9E;
			remoteInfo = Restroom;
		};
		1DD605831CDA5FE20018730E /* PBXContainerItemProxy */ = {
			isa = PBXContainerItemProxy;
			containerPortal = 1DD6057F1CDA5FE20018730E /* SharedFramework.xcodeproj */;
			proxyType = 2;
			remoteGlobalIDString = 1DD605421CD94BD50018730E;
			remoteInfo = SharedFramework;
		};
		1DD605871CDA60120018730E /* PBXContainerItemProxy */ = {
			isa = PBXContainerItemProxy;
			containerPortal = 1DD6057F1CDA5FE20018730E /* SharedFramework.xcodeproj */;
			proxyType = 1;
			remoteGlobalIDString = 1DD605411CD94BD50018730E;
			remoteInfo = SharedFramework;
		};
/* End PBXContainerItemProxy section */

/* Begin PBXCopyFilesBuildPhase section */
		1DD605891CDA60120018730E /* Embed Frameworks */ = {
			isa = PBXCopyFilesBuildPhase;
			buildActionMask = 2147483647;
			dstPath = "";
			dstSubfolderSpec = 10;
			files = (
				1DD605861CDA60120018730E /* SharedFramework.framework in Embed Frameworks */,
			);
			name = "Embed Frameworks";
			runOnlyForDeploymentPostprocessing = 0;
		};
/* End PBXCopyFilesBuildPhase section */

/* Begin PBXFileReference section */
		023BFD67CF56AFD61E42C50B /* Pods-Restroom.debug.xcconfig */ = {isa = PBXFileReference; includeInIndex = 1; lastKnownFileType = text.xcconfig; name = "Pods-Restroom.debug.xcconfig"; path = "Pods/Target Support Files/Pods-Restroom/Pods-Restroom.debug.xcconfig"; sourceTree = "<group>"; };
		02CD8CA001D6FA7A7CE70437 /* Pods_Restroom.framework */ = {isa = PBXFileReference; explicitFileType = wrapper.framework; includeInIndex = 0; path = Pods_Restroom.framework; sourceTree = BUILT_PRODUCTS_DIR; };
		07E96F289D45A98F7E59141C /* Pods-RestroomTests.debug.xcconfig */ = {isa = PBXFileReference; includeInIndex = 1; lastKnownFileType = text.xcconfig; name = "Pods-RestroomTests.debug.xcconfig"; path = "Pods/Target Support Files/Pods-RestroomTests/Pods-RestroomTests.debug.xcconfig"; sourceTree = "<group>"; };
		0E08718CCEAF1D67A9F27678 /* Pods-RestroomUITests.release.xcconfig */ = {isa = PBXFileReference; includeInIndex = 1; lastKnownFileType = text.xcconfig; name = "Pods-RestroomUITests.release.xcconfig"; path = "Pods/Target Support Files/Pods-RestroomUITests/Pods-RestroomUITests.release.xcconfig"; sourceTree = "<group>"; };
		130CE0C5443A25037395E024 /* Pods-Restroom.release.xcconfig */ = {isa = PBXFileReference; includeInIndex = 1; lastKnownFileType = text.xcconfig; name = "Pods-Restroom.release.xcconfig"; path = "Pods/Target Support Files/Pods-Restroom/Pods-Restroom.release.xcconfig"; sourceTree = "<group>"; };
		1D02E2011C59392300EFB0EC /* DisclaimerViewControler.swift */ = {isa = PBXFileReference; fileEncoding = 4; lastKnownFileType = sourcecode.swift; path = DisclaimerViewControler.swift; sourceTree = "<group>"; };
		1D02E2061C594D3400EFB0EC /* KeyValue.swift */ = {isa = PBXFileReference; fileEncoding = 4; lastKnownFileType = sourcecode.swift; path = KeyValue.swift; sourceTree = "<group>"; };
		1D02E2081C59764700EFB0EC /* UITextFieldCustomDelegate.swift */ = {isa = PBXFileReference; fileEncoding = 4; lastKnownFileType = sourcecode.swift; path = UITextFieldCustomDelegate.swift; sourceTree = "<group>"; };
		1D0388791C33181900303FDC /* Timepoint.swift */ = {isa = PBXFileReference; fileEncoding = 4; lastKnownFileType = sourcecode.swift; path = Timepoint.swift; sourceTree = "<group>"; };
		1D21FCEC1C6D326600EC9620 /* FeedbackViewController.swift */ = {isa = PBXFileReference; fileEncoding = 4; lastKnownFileType = sourcecode.swift; path = FeedbackViewController.swift; sourceTree = "<group>"; };
		1D21FCEE1C6E313300EC9620 /* FeedbackModel.swift */ = {isa = PBXFileReference; fileEncoding = 4; lastKnownFileType = sourcecode.swift; path = FeedbackModel.swift; sourceTree = "<group>"; };
		1D21FCF01C7388A700EC9620 /* TextViewCustomDelegate.swift */ = {isa = PBXFileReference; fileEncoding = 4; lastKnownFileType = sourcecode.swift; path = TextViewCustomDelegate.swift; sourceTree = "<group>"; };
		1D21FCF21C73A20900EC9620 /* MapInfoHelperView.swift */ = {isa = PBXFileReference; fileEncoding = 4; lastKnownFileType = sourcecode.swift; path = MapInfoHelperView.swift; sourceTree = "<group>"; };
		1D21FCF41C73A24D00EC9620 /* MapInfoHelperView.xib */ = {isa = PBXFileReference; fileEncoding = 4; lastKnownFileType = file.xib; path = MapInfoHelperView.xib; sourceTree = "<group>"; };
		1D2CE21B1D2F02390066944F /* VersionHelper.swift */ = {isa = PBXFileReference; fileEncoding = 4; lastKnownFileType = sourcecode.swift; path = VersionHelper.swift; sourceTree = "<group>"; };
		1D32C34D1C6BB9BA001117B3 /* RankView.xib */ = {isa = PBXFileReference; fileEncoding = 4; lastKnownFileType = file.xib; path = RankView.xib; sourceTree = "<group>"; };
		1D32C34F1C6BBA0C001117B3 /* RankView.swift */ = {isa = PBXFileReference; fileEncoding = 4; lastKnownFileType = sourcecode.swift; path = RankView.swift; sourceTree = "<group>"; };
		1D32C3551C6CDD43001117B3 /* CustomTableViewCell.swift */ = {isa = PBXFileReference; fileEncoding = 4; lastKnownFileType = sourcecode.swift; path = CustomTableViewCell.swift; sourceTree = "<group>"; };
		1D32C3561C6CDD43001117B3 /* CustomTableViewCell.xib */ = {isa = PBXFileReference; fileEncoding = 4; lastKnownFileType = file.xib; path = CustomTableViewCell.xib; sourceTree = "<group>"; };
		1D32C3591C6CF934001117B3 /* Common.swift */ = {isa = PBXFileReference; fileEncoding = 4; lastKnownFileType = sourcecode.swift; path = Common.swift; sourceTree = "<group>"; };
		1D38ABEC1C230F290017EC9E /* Restroom.app */ = {isa = PBXFileReference; explicitFileType = wrapper.application; includeInIndex = 0; path = Restroom.app; sourceTree = BUILT_PRODUCTS_DIR; };
		1D38ABEF1C230F290017EC9E /* AppDelegate.swift */ = {isa = PBXFileReference; lastKnownFileType = sourcecode.swift; path = AppDelegate.swift; sourceTree = "<group>"; };
		1D38ABF11C230F290017EC9E /* MapViewController.swift */ = {isa = PBXFileReference; lastKnownFileType = sourcecode.swift; path = MapViewController.swift; sourceTree = "<group>"; };
		1D38ABF41C230F290017EC9E /* Base */ = {isa = PBXFileReference; lastKnownFileType = file.storyboard; name = Base; path = Base.lproj/Main.storyboard; sourceTree = "<group>"; };
		1D38ABF61C230F290017EC9E /* Assets.xcassets */ = {isa = PBXFileReference; lastKnownFileType = folder.assetcatalog; path = Assets.xcassets; sourceTree = "<group>"; };
		1D38ABF91C230F290017EC9E /* Base */ = {isa = PBXFileReference; lastKnownFileType = file.storyboard; name = Base; path = Base.lproj/LaunchScreen.storyboard; sourceTree = "<group>"; };
		1D38ABFB1C230F290017EC9E /* Info.plist */ = {isa = PBXFileReference; lastKnownFileType = text.plist.xml; path = Info.plist; sourceTree = "<group>"; };
		1D38AC001C230F290017EC9E /* RestroomTests.xctest */ = {isa = PBXFileReference; explicitFileType = wrapper.cfbundle; includeInIndex = 0; path = RestroomTests.xctest; sourceTree = BUILT_PRODUCTS_DIR; };
		1D38AC041C230F290017EC9E /* RestroomTests.swift */ = {isa = PBXFileReference; lastKnownFileType = sourcecode.swift; path = RestroomTests.swift; sourceTree = "<group>"; };
		1D38AC061C230F290017EC9E /* Info.plist */ = {isa = PBXFileReference; lastKnownFileType = text.plist.xml; path = Info.plist; sourceTree = "<group>"; };
		1D38AC0B1C230F290017EC9E /* RestroomUITests.xctest */ = {isa = PBXFileReference; explicitFileType = wrapper.cfbundle; includeInIndex = 0; path = RestroomUITests.xctest; sourceTree = BUILT_PRODUCTS_DIR; };
		1D38AC0F1C230F290017EC9E /* RestroomUITests.swift */ = {isa = PBXFileReference; lastKnownFileType = sourcecode.swift; path = RestroomUITests.swift; sourceTree = "<group>"; };
		1D38AC111C230F290017EC9E /* Info.plist */ = {isa = PBXFileReference; lastKnownFileType = text.plist.xml; path = Info.plist; sourceTree = "<group>"; };
		1D38AC1D1C2331150017EC9E /* StartupViewController.swift */ = {isa = PBXFileReference; fileEncoding = 4; lastKnownFileType = sourcecode.swift; path = StartupViewController.swift; sourceTree = "<group>"; };
		1D38AC211C2464920017EC9E /* LocationAnnotation.swift */ = {isa = PBXFileReference; fileEncoding = 4; lastKnownFileType = sourcecode.swift; path = LocationAnnotation.swift; sourceTree = "<group>"; };
		1D38AC231C2487B10017EC9E /* ServerAPI.swift */ = {isa = PBXFileReference; fileEncoding = 4; lastKnownFileType = sourcecode.swift; path = ServerAPI.swift; sourceTree = "<group>"; };
		1D38AC251C24B63D0017EC9E /* MapDelegate.swift */ = {isa = PBXFileReference; fileEncoding = 4; lastKnownFileType = sourcecode.swift; path = MapDelegate.swift; sourceTree = "<group>"; };
		1D38AC271C24C39B0017EC9E /* RestroomAnnotation.swift */ = {isa = PBXFileReference; fileEncoding = 4; lastKnownFileType = sourcecode.swift; path = RestroomAnnotation.swift; sourceTree = "<group>"; };
		1D38AC291C28CF600017EC9E /* Extensions.swift */ = {isa = PBXFileReference; fileEncoding = 4; lastKnownFileType = sourcecode.swift; path = Extensions.swift; sourceTree = "<group>"; };
		1D38AC2B1C2A09F10017EC9E /* RestStop.swift */ = {isa = PBXFileReference; fileEncoding = 4; lastKnownFileType = sourcecode.swift; path = RestStop.swift; sourceTree = "<group>"; };
		1D38AC2E1C2A0A800017EC9E /* OperationModel.swift */ = {isa = PBXFileReference; fileEncoding = 4; lastKnownFileType = sourcecode.swift; path = OperationModel.swift; sourceTree = "<group>"; };
		1D4D95DA1C65115D00C80B90 /* Threading.swift */ = {isa = PBXFileReference; fileEncoding = 4; lastKnownFileType = sourcecode.swift; path = Threading.swift; sourceTree = "<group>"; };
		1D519E6F1CE507750058C58D /* GoogleService-Info.plist */ = {isa = PBXFileReference; fileEncoding = 4; lastKnownFileType = text.plist.xml; path = "GoogleService-Info.plist"; sourceTree = "<group>"; };
		1D519E711CE508080058C58D /* Restroom-Bridging-Header.h */ = {isa = PBXFileReference; lastKnownFileType = sourcecode.c.h; path = "Restroom-Bridging-Header.h"; sourceTree = "<group>"; };
		1D5E84241D2EC109008CAE07 /* VersionModel.swift */ = {isa = PBXFileReference; fileEncoding = 4; lastKnownFileType = sourcecode.swift; path = VersionModel.swift; sourceTree = "<group>"; };
		1D6FB57D1C5FB3A80074DA5D /* FilterViewController.swift */ = {isa = PBXFileReference; fileEncoding = 4; lastKnownFileType = sourcecode.swift; path = FilterViewController.swift; sourceTree = "<group>"; };
		1D6FB57F1C5FB5450074DA5D /* BaseViewController.swift */ = {isa = PBXFileReference; fileEncoding = 4; lastKnownFileType = sourcecode.swift; path = BaseViewController.swift; sourceTree = "<group>"; };
		1D6FB5841C6007470074DA5D /* ComboView.swift */ = {isa = PBXFileReference; fileEncoding = 4; lastKnownFileType = sourcecode.swift; path = ComboView.swift; sourceTree = "<group>"; };
		1D6FB5861C6007840074DA5D /* ComboView.xib */ = {isa = PBXFileReference; fileEncoding = 4; lastKnownFileType = file.xib; path = ComboView.xib; sourceTree = "<group>"; };
		1D6FB5881C626FA20074DA5D /* RouteModel.swift */ = {isa = PBXFileReference; fileEncoding = 4; lastKnownFileType = sourcecode.swift; path = RouteModel.swift; sourceTree = "<group>"; };
		1DB008711C74E03800AE4AD1 /* Enums.swift */ = {isa = PBXFileReference; fileEncoding = 4; lastKnownFileType = sourcecode.swift; path = Enums.swift; sourceTree = "<group>"; };
		1DB008791C7B8B5400AE4AD1 /* AppStorage.swift */ = {isa = PBXFileReference; fileEncoding = 4; lastKnownFileType = sourcecode.swift; path = AppStorage.swift; sourceTree = "<group>"; };
		1DD6057F1CDA5FE20018730E /* SharedFramework.xcodeproj */ = {isa = PBXFileReference; lastKnownFileType = "wrapper.pb-project"; path = SharedFramework.xcodeproj; sourceTree = "<group>"; };
		1DF582191C8F5B9F0051002D /* MapBaseViewController.swift */ = {isa = PBXFileReference; fileEncoding = 4; lastKnownFileType = sourcecode.swift; path = MapBaseViewController.swift; sourceTree = "<group>"; };
		1DFF38701CDBC3850021DC07 /* Constants.swift */ = {isa = PBXFileReference; fileEncoding = 4; lastKnownFileType = sourcecode.swift; path = Constants.swift; sourceTree = "<group>"; };
		1DFF38721CE251990021DC07 /* BaseModel.swift */ = {isa = PBXFileReference; fileEncoding = 4; lastKnownFileType = sourcecode.swift; path = BaseModel.swift; sourceTree = "<group>"; };
		1DFF38741CE2628F0021DC07 /* DisclaimerModel.swift */ = {isa = PBXFileReference; fileEncoding = 4; lastKnownFileType = sourcecode.swift; path = DisclaimerModel.swift; sourceTree = "<group>"; };
		7825C646B0AD0C25265A35EE /* Pods_RestroomTests.framework */ = {isa = PBXFileReference; explicitFileType = wrapper.framework; includeInIndex = 0; path = Pods_RestroomTests.framework; sourceTree = BUILT_PRODUCTS_DIR; };
		82CA0FB2BF3DFC404664E80A /* Pods_RestroomUITests.framework */ = {isa = PBXFileReference; explicitFileType = wrapper.framework; includeInIndex = 0; path = Pods_RestroomUITests.framework; sourceTree = BUILT_PRODUCTS_DIR; };
		84E202A076D46726EA32494E /* Pods-RestroomTests.release.xcconfig */ = {isa = PBXFileReference; includeInIndex = 1; lastKnownFileType = text.xcconfig; name = "Pods-RestroomTests.release.xcconfig"; path = "Pods/Target Support Files/Pods-RestroomTests/Pods-RestroomTests.release.xcconfig"; sourceTree = "<group>"; };
		E831279B87FE8A691867E9F1 /* Pods-RestroomUITests.debug.xcconfig */ = {isa = PBXFileReference; includeInIndex = 1; lastKnownFileType = text.xcconfig; name = "Pods-RestroomUITests.debug.xcconfig"; path = "Pods/Target Support Files/Pods-RestroomUITests/Pods-RestroomUITests.debug.xcconfig"; sourceTree = "<group>"; };
/* End PBXFileReference section */

/* Begin PBXFrameworksBuildPhase section */
		1D38ABE91C230F290017EC9E /* Frameworks */ = {
			isa = PBXFrameworksBuildPhase;
			buildActionMask = 2147483647;
			files = (
				1DD605851CDA60120018730E /* SharedFramework.framework in Frameworks */,
			);
			runOnlyForDeploymentPostprocessing = 0;
		};
		1D38ABFD1C230F290017EC9E /* Frameworks */ = {
			isa = PBXFrameworksBuildPhase;
			buildActionMask = 2147483647;
			files = (
				F897A386F381EF853CFFECD6 /* Pods_RestroomTests.framework in Frameworks */,
			);
			runOnlyForDeploymentPostprocessing = 0;
		};
		1D38AC081C230F290017EC9E /* Frameworks */ = {
			isa = PBXFrameworksBuildPhase;
			buildActionMask = 2147483647;
			files = (
				B6B8EB5666F2E2C4B9DFC898 /* Pods_RestroomUITests.framework in Frameworks */,
			);
			runOnlyForDeploymentPostprocessing = 0;
		};
/* End PBXFrameworksBuildPhase section */

/* Begin PBXGroup section */
		1D02E2031C5949E500EFB0EC /* ViewControllers */ = {
			isa = PBXGroup;
			children = (
				1D38AC1D1C2331150017EC9E /* StartupViewController.swift */,
				1D02E2011C59392300EFB0EC /* DisclaimerViewControler.swift */,
				1D38ABF11C230F290017EC9E /* MapViewController.swift */,
				1D6FB57D1C5FB3A80074DA5D /* FilterViewController.swift */,
				1D6FB57F1C5FB5450074DA5D /* BaseViewController.swift */,
				1D21FCEC1C6D326600EC9620 /* FeedbackViewController.swift */,
				1DF582191C8F5B9F0051002D /* MapBaseViewController.swift */,
			);
			name = ViewControllers;
			sourceTree = "<group>";
		};
		1D02E2041C594B8F00EFB0EC /* Annotations */ = {
			isa = PBXGroup;
			children = (
				1D38AC271C24C39B0017EC9E /* RestroomAnnotation.swift */,
				1D38AC211C2464920017EC9E /* LocationAnnotation.swift */,
			);
			name = Annotations;
			sourceTree = "<group>";
		};
		1D02E2051C594BB500EFB0EC /* Infrastructure */ = {
			isa = PBXGroup;
			children = (
				1D02E2061C594D3400EFB0EC /* KeyValue.swift */,
				1D38AC291C28CF600017EC9E /* Extensions.swift */,
				1D02E2081C59764700EFB0EC /* UITextFieldCustomDelegate.swift */,
				1D4D95DA1C65115D00C80B90 /* Threading.swift */,
				1D32C3591C6CF934001117B3 /* Common.swift */,
				1D21FCF01C7388A700EC9620 /* TextViewCustomDelegate.swift */,
				1DB008791C7B8B5400AE4AD1 /* AppStorage.swift */,
				1DFF38701CDBC3850021DC07 /* Constants.swift */,
				1D2CE21B1D2F02390066944F /* VersionHelper.swift */,
			);
			name = Infrastructure;
			sourceTree = "<group>";
		};
		1D38ABE31C230F290017EC9E = {
			isa = PBXGroup;
			children = (
				1DD6057F1CDA5FE20018730E /* SharedFramework.xcodeproj */,
				1D38ABEE1C230F290017EC9E /* Restroom */,
				1D38AC031C230F290017EC9E /* RestroomTests */,
				1D38AC0E1C230F290017EC9E /* RestroomUITests */,
				1D38ABED1C230F290017EC9E /* Products */,
				95DF4FD40582999B56A59EDA /* Pods */,
				3B56DC5FC81BAFA42B6FE44E /* Frameworks */,
			);
			sourceTree = "<group>";
		};
		1D38ABED1C230F290017EC9E /* Products */ = {
			isa = PBXGroup;
			children = (
				1D38ABEC1C230F290017EC9E /* Restroom.app */,
				1D38AC001C230F290017EC9E /* RestroomTests.xctest */,
				1D38AC0B1C230F290017EC9E /* RestroomUITests.xctest */,
			);
			name = Products;
			sourceTree = "<group>";
		};
		1D38ABEE1C230F290017EC9E /* Restroom */ = {
			isa = PBXGroup;
			children = (
				1D519E6F1CE507750058C58D /* GoogleService-Info.plist */,
				1D6FB5811C60050B0074DA5D /* Controls */,
				1D6FB57A1C5A7BC10074DA5D /* Delegate */,
				1D02E2051C594BB500EFB0EC /* Infrastructure */,
				1D02E2041C594B8F00EFB0EC /* Annotations */,
				1D02E2031C5949E500EFB0EC /* ViewControllers */,
				1D38AC2D1C2A09FA0017EC9E /* Models */,
				1D38ABEF1C230F290017EC9E /* AppDelegate.swift */,
				1D38ABF31C230F290017EC9E /* Main.storyboard */,
				1D38ABF61C230F290017EC9E /* Assets.xcassets */,
				1D38ABF81C230F290017EC9E /* LaunchScreen.storyboard */,
				1D38ABFB1C230F290017EC9E /* Info.plist */,
				1D38AC231C2487B10017EC9E /* ServerAPI.swift */,
				1D519E711CE508080058C58D /* Restroom-Bridging-Header.h */,
			);
			path = Restroom;
			sourceTree = "<group>";
		};
		1D38AC031C230F290017EC9E /* RestroomTests */ = {
			isa = PBXGroup;
			children = (
				1D38AC041C230F290017EC9E /* RestroomTests.swift */,
				1D38AC061C230F290017EC9E /* Info.plist */,
			);
			path = RestroomTests;
			sourceTree = "<group>";
		};
		1D38AC0E1C230F290017EC9E /* RestroomUITests */ = {
			isa = PBXGroup;
			children = (
				1D38AC0F1C230F290017EC9E /* RestroomUITests.swift */,
				1D38AC111C230F290017EC9E /* Info.plist */,
			);
			path = RestroomUITests;
			sourceTree = "<group>";
		};
		1D38AC2D1C2A09FA0017EC9E /* Models */ = {
			isa = PBXGroup;
			children = (
				1D0388791C33181900303FDC /* Timepoint.swift */,
				1D38AC2B1C2A09F10017EC9E /* RestStop.swift */,
				1D38AC2E1C2A0A800017EC9E /* OperationModel.swift */,
				1D6FB5881C626FA20074DA5D /* RouteModel.swift */,
				1D21FCEE1C6E313300EC9620 /* FeedbackModel.swift */,
				1DB008711C74E03800AE4AD1 /* Enums.swift */,
				1DFF38721CE251990021DC07 /* BaseModel.swift */,
				1DFF38741CE2628F0021DC07 /* DisclaimerModel.swift */,
				1D5E84241D2EC109008CAE07 /* VersionModel.swift */,
			);
			name = Models;
			sourceTree = "<group>";
		};
		1D6FB57A1C5A7BC10074DA5D /* Delegate */ = {
			isa = PBXGroup;
			children = (
				1D38AC251C24B63D0017EC9E /* MapDelegate.swift */,
			);
			name = Delegate;
			sourceTree = "<group>";
		};
		1D6FB5811C60050B0074DA5D /* Controls */ = {
			isa = PBXGroup;
			children = (
				1D6FB5841C6007470074DA5D /* ComboView.swift */,
				1D6FB5861C6007840074DA5D /* ComboView.xib */,
				1D32C34D1C6BB9BA001117B3 /* RankView.xib */,
				1D32C34F1C6BBA0C001117B3 /* RankView.swift */,
				1D32C3551C6CDD43001117B3 /* CustomTableViewCell.swift */,
				1D32C3561C6CDD43001117B3 /* CustomTableViewCell.xib */,
				1D21FCF21C73A20900EC9620 /* MapInfoHelperView.swift */,
				1D21FCF41C73A24D00EC9620 /* MapInfoHelperView.xib */,
			);
			name = Controls;
			sourceTree = "<group>";
		};
		1DD605801CDA5FE20018730E /* Products */ = {
			isa = PBXGroup;
			children = (
				1DD605841CDA5FE20018730E /* SharedFramework.framework */,
			);
			name = Products;
			sourceTree = "<group>";
		};
		3B56DC5FC81BAFA42B6FE44E /* Frameworks */ = {
			isa = PBXGroup;
			children = (
				02CD8CA001D6FA7A7CE70437 /* Pods_Restroom.framework */,
				7825C646B0AD0C25265A35EE /* Pods_RestroomTests.framework */,
				82CA0FB2BF3DFC404664E80A /* Pods_RestroomUITests.framework */,
			);
			name = Frameworks;
			sourceTree = "<group>";
		};
		95DF4FD40582999B56A59EDA /* Pods */ = {
			isa = PBXGroup;
			children = (
				023BFD67CF56AFD61E42C50B /* Pods-Restroom.debug.xcconfig */,
				130CE0C5443A25037395E024 /* Pods-Restroom.release.xcconfig */,
				07E96F289D45A98F7E59141C /* Pods-RestroomTests.debug.xcconfig */,
				84E202A076D46726EA32494E /* Pods-RestroomTests.release.xcconfig */,
				E831279B87FE8A691867E9F1 /* Pods-RestroomUITests.debug.xcconfig */,
				0E08718CCEAF1D67A9F27678 /* Pods-RestroomUITests.release.xcconfig */,
			);
			name = Pods;
			sourceTree = "<group>";
		};
/* End PBXGroup section */

/* Begin PBXNativeTarget section */
		1D38ABEB1C230F290017EC9E /* Restroom */ = {
			isa = PBXNativeTarget;
			buildConfigurationList = 1D38AC141C230F290017EC9E /* Build configuration list for PBXNativeTarget "Restroom" */;
			buildPhases = (
				D4356BB4E18EA0499B63F5CA /* ðŸ“¦ Check Pods Manifest.lock */,
				1D38ABE81C230F290017EC9E /* Sources */,
				1D38ABE91C230F290017EC9E /* Frameworks */,
				1D38ABEA1C230F290017EC9E /* Resources */,
				1DD605891CDA60120018730E /* Embed Frameworks */,
				CCA4DDF0D7B4A674EE3C4D29 /* ðŸ“¦ Embed Pods Frameworks */,
				C2A081914EF09D9B6B53026D /* ðŸ“¦ Copy Pods Resources */,
			);
			buildRules = (
			);
			dependencies = (
				1DD605881CDA60120018730E /* PBXTargetDependency */,
			);
			name = Restroom;
			productName = Restroom;
			productReference = 1D38ABEC1C230F290017EC9E /* Restroom.app */;
			productType = "com.apple.product-type.application";
		};
		1D38ABFF1C230F290017EC9E /* RestroomTests */ = {
			isa = PBXNativeTarget;
			buildConfigurationList = 1D38AC171C230F290017EC9E /* Build configuration list for PBXNativeTarget "RestroomTests" */;
			buildPhases = (
				9F9D8744ED60105CC17FF0A1 /* ðŸ“¦ Check Pods Manifest.lock */,
				1D38ABFC1C230F290017EC9E /* Sources */,
				1D38ABFD1C230F290017EC9E /* Frameworks */,
				1D38ABFE1C230F290017EC9E /* Resources */,
				1E9056B8CF5405447099E5D9 /* ðŸ“¦ Embed Pods Frameworks */,
				A273B164F93D82C46FFBFE28 /* ðŸ“¦ Copy Pods Resources */,
			);
			buildRules = (
			);
			dependencies = (
				1D38AC021C230F290017EC9E /* PBXTargetDependency */,
			);
			name = RestroomTests;
			productName = RestroomTests;
			productReference = 1D38AC001C230F290017EC9E /* RestroomTests.xctest */;
			productType = "com.apple.product-type.bundle.unit-test";
		};
		1D38AC0A1C230F290017EC9E /* RestroomUITests */ = {
			isa = PBXNativeTarget;
			buildConfigurationList = 1D38AC1A1C230F290017EC9E /* Build configuration list for PBXNativeTarget "RestroomUITests" */;
			buildPhases = (
				2CA42687F904257F88E87B4C /* ðŸ“¦ Check Pods Manifest.lock */,
				1D38AC071C230F290017EC9E /* Sources */,
				1D38AC081C230F290017EC9E /* Frameworks */,
				1D38AC091C230F290017EC9E /* Resources */,
				7465E2A361D601F7B0BBE841 /* ðŸ“¦ Copy Pods Resources */,
			);
			buildRules = (
			);
			dependencies = (
				1D38AC0D1C230F290017EC9E /* PBXTargetDependency */,
			);
			name = RestroomUITests;
			productName = RestroomUITests;
			productReference = 1D38AC0B1C230F290017EC9E /* RestroomUITests.xctest */;
			productType = "com.apple.product-type.bundle.ui-testing";
		};
/* End PBXNativeTarget section */

/* Begin PBXProject section */
		1D38ABE41C230F290017EC9E /* Project object */ = {
			isa = PBXProject;
			attributes = {
				LastSwiftUpdateCheck = 0710;
				LastUpgradeCheck = 0800;
				ORGANIZATIONNAME = DevTeam;
				TargetAttributes = {
					1D38ABEB1C230F290017EC9E = {
						CreatedOnToolsVersion = 7.1.1;
						DevelopmentTeam = Y7EDXDN93M;
						ProvisioningStyle = Manual;
					};
					1D38ABFF1C230F290017EC9E = {
						CreatedOnToolsVersion = 7.1.1;
						DevelopmentTeam = N8USS2SL8T;
						LastSwiftMigration = 0800;
						TestTargetID = 1D38ABEB1C230F290017EC9E;
					};
					1D38AC0A1C230F290017EC9E = {
						CreatedOnToolsVersion = 7.1.1;
						DevelopmentTeam = N8USS2SL8T;
						LastSwiftMigration = 0800;
						TestTargetID = 1D38ABEB1C230F290017EC9E;
					};
				};
			};
			buildConfigurationList = 1D38ABE71C230F290017EC9E /* Build configuration list for PBXProject "Restroom" */;
			compatibilityVersion = "Xcode 3.2";
			developmentRegion = English;
			hasScannedForEncodings = 0;
			knownRegions = (
				en,
				Base,
			);
			mainGroup = 1D38ABE31C230F290017EC9E;
			productRefGroup = 1D38ABED1C230F290017EC9E /* Products */;
			projectDirPath = "";
			projectReferences = (
				{
					ProductGroup = 1DD605801CDA5FE20018730E /* Products */;
					ProjectRef = 1DD6057F1CDA5FE20018730E /* SharedFramework.xcodeproj */;
				},
			);
			projectRoot = "";
			targets = (
				1D38ABEB1C230F290017EC9E /* Restroom */,
				1D38ABFF1C230F290017EC9E /* RestroomTests */,
				1D38AC0A1C230F290017EC9E /* RestroomUITests */,
			);
		};
/* End PBXProject section */

/* Begin PBXReferenceProxy section */
		1DD605841CDA5FE20018730E /* SharedFramework.framework */ = {
			isa = PBXReferenceProxy;
			fileType = wrapper.framework;
			path = SharedFramework.framework;
			remoteRef = 1DD605831CDA5FE20018730E /* PBXContainerItemProxy */;
			sourceTree = BUILT_PRODUCTS_DIR;
		};
/* End PBXReferenceProxy section */

/* Begin PBXResourcesBuildPhase section */
		1D38ABEA1C230F290017EC9E /* Resources */ = {
			isa = PBXResourcesBuildPhase;
			buildActionMask = 2147483647;
			files = (
				1D21FCF51C73A24D00EC9620 /* MapInfoHelperView.xib in Resources */,
				1D519E701CE507750058C58D /* GoogleService-Info.plist in Resources */,
				1D32C34E1C6BB9BA001117B3 /* RankView.xib in Resources */,
				1D38ABFA1C230F290017EC9E /* LaunchScreen.storyboard in Resources */,
				1D32C3581C6CDD43001117B3 /* CustomTableViewCell.xib in Resources */,
				1D6FB5871C6007840074DA5D /* ComboView.xib in Resources */,
				1D38ABF71C230F290017EC9E /* Assets.xcassets in Resources */,
				1D38ABF51C230F290017EC9E /* Main.storyboard in Resources */,
			);
			runOnlyForDeploymentPostprocessing = 0;
		};
		1D38ABFE1C230F290017EC9E /* Resources */ = {
			isa = PBXResourcesBuildPhase;
			buildActionMask = 2147483647;
			files = (
			);
			runOnlyForDeploymentPostprocessing = 0;
		};
		1D38AC091C230F290017EC9E /* Resources */ = {
			isa = PBXResourcesBuildPhase;
			buildActionMask = 2147483647;
			files = (
			);
			runOnlyForDeploymentPostprocessing = 0;
		};
/* End PBXResourcesBuildPhase section */

/* Begin PBXShellScriptBuildPhase section */
		1E9056B8CF5405447099E5D9 /* ðŸ“¦ Embed Pods Frameworks */ = {
			isa = PBXShellScriptBuildPhase;
			buildActionMask = 2147483647;
			files = (
			);
			inputPaths = (
			);
			name = "ðŸ“¦ Embed Pods Frameworks";
			outputPaths = (
			);
			runOnlyForDeploymentPostprocessing = 0;
			shellPath = /bin/sh;
			shellScript = "\"${SRCROOT}/Pods/Target Support Files/Pods-RestroomTests/Pods-RestroomTests-frameworks.sh\"\n";
			showEnvVarsInLog = 0;
		};
		2CA42687F904257F88E87B4C /* ðŸ“¦ Check Pods Manifest.lock */ = {
			isa = PBXShellScriptBuildPhase;
			buildActionMask = 2147483647;
			files = (
			);
			inputPaths = (
			);
			name = "ðŸ“¦ Check Pods Manifest.lock";
			outputPaths = (
			);
			runOnlyForDeploymentPostprocessing = 0;
			shellPath = /bin/sh;
			shellScript = "diff \"${PODS_ROOT}/../Podfile.lock\" \"${PODS_ROOT}/Manifest.lock\" > /dev/null\nif [[ $? != 0 ]] ; then\n    cat << EOM\nerror: The sandbox is not in sync with the Podfile.lock. Run 'pod install' or update your CocoaPods installation.\nEOM\n    exit 1\nfi\n";
			showEnvVarsInLog = 0;
		};
		7465E2A361D601F7B0BBE841 /* ðŸ“¦ Copy Pods Resources */ = {
			isa = PBXShellScriptBuildPhase;
			buildActionMask = 2147483647;
			files = (
			);
			inputPaths = (
			);
			name = "ðŸ“¦ Copy Pods Resources";
			outputPaths = (
			);
			runOnlyForDeploymentPostprocessing = 0;
			shellPath = /bin/sh;
			shellScript = "\"${SRCROOT}/Pods/Target Support Files/Pods-RestroomUITests/Pods-RestroomUITests-resources.sh\"\n";
			showEnvVarsInLog = 0;
		};
		9F9D8744ED60105CC17FF0A1 /* ðŸ“¦ Check Pods Manifest.lock */ = {
			isa = PBXShellScriptBuildPhase;
			buildActionMask = 2147483647;
			files = (
			);
			inputPaths = (
			);
			name = "ðŸ“¦ Check Pods Manifest.lock";
			outputPaths = (
			);
			runOnlyForDeploymentPostprocessing = 0;
			shellPath = /bin/sh;
			shellScript = "diff \"${PODS_ROOT}/../Podfile.lock\" \"${PODS_ROOT}/Manifest.lock\" > /dev/null\nif [[ $? != 0 ]] ; then\n    cat << EOM\nerror: The sandbox is not in sync with the Podfile.lock. Run 'pod install' or update your CocoaPods installation.\nEOM\n    exit 1\nfi\n";
			showEnvVarsInLog = 0;
		};
		A273B164F93D82C46FFBFE28 /* ðŸ“¦ Copy Pods Resources */ = {
			isa = PBXShellScriptBuildPhase;
			buildActionMask = 2147483647;
			files = (
			);
			inputPaths = (
			);
			name = "ðŸ“¦ Copy Pods Resources";
			outputPaths = (
			);
			runOnlyForDeploymentPostprocessing = 0;
			shellPath = /bin/sh;
			shellScript = "\"${SRCROOT}/Pods/Target Support Files/Pods-RestroomTests/Pods-RestroomTests-resources.sh\"\n";
			showEnvVarsInLog = 0;
		};
		C2A081914EF09D9B6B53026D /* ðŸ“¦ Copy Pods Resources */ = {
			isa = PBXShellScriptBuildPhase;
			buildActionMask = 2147483647;
			files = (
			);
			inputPaths = (
			);
			name = "ðŸ“¦ Copy Pods Resources";
			outputPaths = (
			);
			runOnlyForDeploymentPostprocessing = 0;
			shellPath = /bin/sh;
			shellScript = "\"${SRCROOT}/Pods/Target Support Files/Pods-Restroom/Pods-Restroom-resources.sh\"\n";
			showEnvVarsInLog = 0;
		};
		CCA4DDF0D7B4A674EE3C4D29 /* ðŸ“¦ Embed Pods Frameworks */ = {
			isa = PBXShellScriptBuildPhase;
			buildActionMask = 2147483647;
			files = (
			);
			inputPaths = (
			);
			name = "ðŸ“¦ Embed Pods Frameworks";
			outputPaths = (
			);
			runOnlyForDeploymentPostprocessing = 0;
			shellPath = /bin/sh;
			shellScript = "\"${SRCROOT}/Pods/Target Support Files/Pods-Restroom/Pods-Restroom-frameworks.sh\"\n";
			showEnvVarsInLog = 0;
		};
		D4356BB4E18EA0499B63F5CA /* ðŸ“¦ Check Pods Manifest.lock */ = {
			isa = PBXShellScriptBuildPhase;
			buildActionMask = 2147483647;
			files = (
			);
			inputPaths = (
			);
			name = "ðŸ“¦ Check Pods Manifest.lock";
			outputPaths = (
			);
			runOnlyForDeploymentPostprocessing = 0;
			shellPath = /bin/sh;
			shellScript = "diff \"${PODS_ROOT}/../Podfile.lock\" \"${PODS_ROOT}/Manifest.lock\" > /dev/null\nif [[ $? != 0 ]] ; then\n    cat << EOM\nerror: The sandbox is not in sync with the Podfile.lock. Run 'pod install' or update your CocoaPods installation.\nEOM\n    exit 1\nfi\n";
			showEnvVarsInLog = 0;
		};
/* End PBXShellScriptBuildPhase section */

/* Begin PBXSourcesBuildPhase section */
		1D38ABE81C230F290017EC9E /* Sources */ = {
			isa = PBXSourcesBuildPhase;
			buildActionMask = 2147483647;
			files = (
				1D38AC1E1C2331150017EC9E /* StartupViewController.swift in Sources */,
				1D38ABF21C230F290017EC9E /* MapViewController.swift in Sources */,
				1DF5821A1C8F5B9F0051002D /* MapBaseViewController.swift in Sources */,
				1D21FCED1C6D326600EC9620 /* FeedbackViewController.swift in Sources */,
				1D21FCF11C7388A700EC9620 /* TextViewCustomDelegate.swift in Sources */,
				1DFF38711CDBC3850021DC07 /* Constants.swift in Sources */,
				1D38AC2C1C2A09F10017EC9E /* RestStop.swift in Sources */,
				1D6FB5891C626FA20074DA5D /* RouteModel.swift in Sources */,
				1D2CE21C1D2F02390066944F /* VersionHelper.swift in Sources */,
				1D03887A1C33181900303FDC /* Timepoint.swift in Sources */,
				1D38AC241C2487B10017EC9E /* ServerAPI.swift in Sources */,
				1D32C3571C6CDD43001117B3 /* CustomTableViewCell.swift in Sources */,
				1D5E84251D2EC109008CAE07 /* VersionModel.swift in Sources */,
				1D21FCEF1C6E313300EC9620 /* FeedbackModel.swift in Sources */,
				1D38AC2A1C28CF600017EC9E /* Extensions.swift in Sources */,
				1D38AC261C24B63D0017EC9E /* MapDelegate.swift in Sources */,
				1D38ABF01C230F290017EC9E /* AppDelegate.swift in Sources */,
				1D21FCF31C73A20900EC9620 /* MapInfoHelperView.swift in Sources */,
				1D02E2091C59764700EFB0EC /* UITextFieldCustomDelegate.swift in Sources */,
				1DB008721C74E03800AE4AD1 /* Enums.swift in Sources */,
				1D6FB57E1C5FB3A80074DA5D /* FilterViewController.swift in Sources */,
				1D02E2021C59392300EFB0EC /* DisclaimerViewControler.swift in Sources */,
				1D02E2071C594D3400EFB0EC /* KeyValue.swift in Sources */,
				1D32C35A1C6CF934001117B3 /* Common.swift in Sources */,
				1DB0087A1C7B8B5400AE4AD1 /* AppStorage.swift in Sources */,
				1D38AC2F1C2A0A800017EC9E /* OperationModel.swift in Sources */,
				1D6FB5801C5FB5450074DA5D /* BaseViewController.swift in Sources */,
				1D38AC221C2464920017EC9E /* LocationAnnotation.swift in Sources */,
				1D38AC281C24C39B0017EC9E /* RestroomAnnotation.swift in Sources */,
				1DFF38731CE251990021DC07 /* BaseModel.swift in Sources */,
				1D4D95DB1C65115D00C80B90 /* Threading.swift in Sources */,
				1D32C3501C6BBA0C001117B3 /* RankView.swift in Sources */,
				1DFF38751CE2628F0021DC07 /* DisclaimerModel.swift in Sources */,
				1D6FB5851C6007470074DA5D /* ComboView.swift in Sources */,
			);
			runOnlyForDeploymentPostprocessing = 0;
		};
		1D38ABFC1C230F290017EC9E /* Sources */ = {
			isa = PBXSourcesBuildPhase;
			buildActionMask = 2147483647;
			files = (
				1D38AC051C230F290017EC9E /* RestroomTests.swift in Sources */,
			);
			runOnlyForDeploymentPostprocessing = 0;
		};
		1D38AC071C230F290017EC9E /* Sources */ = {
			isa = PBXSourcesBuildPhase;
			buildActionMask = 2147483647;
			files = (
				1D38AC101C230F290017EC9E /* RestroomUITests.swift in Sources */,
			);
			runOnlyForDeploymentPostprocessing = 0;
		};
/* End PBXSourcesBuildPhase section */

/* Begin PBXTargetDependency section */
		1D38AC021C230F290017EC9E /* PBXTargetDependency */ = {
			isa = PBXTargetDependency;
			target = 1D38ABEB1C230F290017EC9E /* Restroom */;
			targetProxy = 1D38AC011C230F290017EC9E /* PBXContainerItemProxy */;
		};
		1D38AC0D1C230F290017EC9E /* PBXTargetDependency */ = {
			isa = PBXTargetDependency;
			target = 1D38ABEB1C230F290017EC9E /* Restroom */;
			targetProxy = 1D38AC0C1C230F290017EC9E /* PBXContainerItemProxy */;
		};
		1DD605881CDA60120018730E /* PBXTargetDependency */ = {
			isa = PBXTargetDependency;
			name = SharedFramework;
			targetProxy = 1DD605871CDA60120018730E /* PBXContainerItemProxy */;
		};
/* End PBXTargetDependency section */

/* Begin PBXVariantGroup section */
		1D38ABF31C230F290017EC9E /* Main.storyboard */ = {
			isa = PBXVariantGroup;
			children = (
				1D38ABF41C230F290017EC9E /* Base */,
			);
			name = Main.storyboard;
			sourceTree = "<group>";
		};
		1D38ABF81C230F290017EC9E /* LaunchScreen.storyboard */ = {
			isa = PBXVariantGroup;
			children = (
				1D38ABF91C230F290017EC9E /* Base */,
			);
			name = LaunchScreen.storyboard;
			sourceTree = "<group>";
		};
/* End PBXVariantGroup section */

/* Begin XCBuildConfiguration section */
		1D38AC121C230F290017EC9E /* Debug */ = {
			isa = XCBuildConfiguration;
			buildSettings = {
				ALWAYS_SEARCH_USER_PATHS = NO;
				CLANG_CXX_LANGUAGE_STANDARD = "gnu++0x";
				CLANG_CXX_LIBRARY = "libc++";
				CLANG_ENABLE_MODULES = YES;
				CLANG_ENABLE_OBJC_ARC = YES;
				CLANG_WARN_BOOL_CONVERSION = YES;
				CLANG_WARN_CONSTANT_CONVERSION = YES;
				CLANG_WARN_DIRECT_OBJC_ISA_USAGE = YES_ERROR;
				CLANG_WARN_EMPTY_BODY = YES;
				CLANG_WARN_ENUM_CONVERSION = YES;
				CLANG_WARN_INFINITE_RECURSION = YES;
				CLANG_WARN_INT_CONVERSION = YES;
				CLANG_WARN_OBJC_ROOT_CLASS = YES_ERROR;
				CLANG_WARN_SUSPICIOUS_MOVE = YES;
				CLANG_WARN_UNREACHABLE_CODE = YES;
				CLANG_WARN__DUPLICATE_METHOD_MATCH = YES;
				CODE_SIGN_IDENTITY = "iPhone Developer";
				"CODE_SIGN_IDENTITY[sdk=iphoneos*]" = "iPhone Developer";
				COPY_PHASE_STRIP = NO;
				DEBUG_INFORMATION_FORMAT = dwarf;
				ENABLE_STRICT_OBJC_MSGSEND = YES;
				ENABLE_TESTABILITY = YES;
				GCC_C_LANGUAGE_STANDARD = gnu99;
				GCC_DYNAMIC_NO_PIC = NO;
				GCC_NO_COMMON_BLOCKS = YES;
				GCC_OPTIMIZATION_LEVEL = 0;
				GCC_PREPROCESSOR_DEFINITIONS = (
					"DEBUG=1",
					"$(inherited)",
				);
				GCC_WARN_64_TO_32_BIT_CONVERSION = YES;
				GCC_WARN_ABOUT_RETURN_TYPE = YES_ERROR;
				GCC_WARN_UNDECLARED_SELECTOR = YES;
				GCC_WARN_UNINITIALIZED_AUTOS = YES_AGGRESSIVE;
				GCC_WARN_UNUSED_FUNCTION = YES;
				GCC_WARN_UNUSED_VARIABLE = YES;
				IPHONEOS_DEPLOYMENT_TARGET = 9.1;
				MTL_ENABLE_DEBUG_INFO = YES;
				ONLY_ACTIVE_ARCH = YES;
				PROVISIONING_PROFILE = "4e031e3f-9289-43a4-b3d8-579b4e7cfb03";
				SDKROOT = iphoneos;
				SWIFT_OPTIMIZATION_LEVEL = "-Onone";
				TARGETED_DEVICE_FAMILY = "1,2";
			};
			name = Debug;
		};
		1D38AC131C230F290017EC9E /* Release */ = {
			isa = XCBuildConfiguration;
			buildSettings = {
				ALWAYS_SEARCH_USER_PATHS = NO;
				CLANG_CXX_LANGUAGE_STANDARD = "gnu++0x";
				CLANG_CXX_LIBRARY = "libc++";
				CLANG_ENABLE_MODULES = YES;
				CLANG_ENABLE_OBJC_ARC = YES;
				CLANG_WARN_BOOL_CONVERSION = YES;
				CLANG_WARN_CONSTANT_CONVERSION = YES;
				CLANG_WARN_DIRECT_OBJC_ISA_USAGE = YES_ERROR;
				CLANG_WARN_EMPTY_BODY = YES;
				CLANG_WARN_ENUM_CONVERSION = YES;
				CLANG_WARN_INFINITE_RECURSION = YES;
				CLANG_WARN_INT_CONVERSION = YES;
				CLANG_WARN_OBJC_ROOT_CLASS = YES_ERROR;
				CLANG_WARN_SUSPICIOUS_MOVE = YES;
				CLANG_WARN_UNREACHABLE_CODE = YES;
				CLANG_WARN__DUPLICATE_METHOD_MATCH = YES;
				CODE_SIGN_IDENTITY = "iPhone Developer";
				"CODE_SIGN_IDENTITY[sdk=iphoneos*]" = "iPhone Developer";
				COPY_PHASE_STRIP = NO;
				DEBUG_INFORMATION_FORMAT = "dwarf-with-dsym";
				ENABLE_NS_ASSERTIONS = NO;
				ENABLE_STRICT_OBJC_MSGSEND = YES;
				GCC_C_LANGUAGE_STANDARD = gnu99;
				GCC_NO_COMMON_BLOCKS = YES;
				GCC_WARN_64_TO_32_BIT_CONVERSION = YES;
				GCC_WARN_ABOUT_RETURN_TYPE = YES_ERROR;
				GCC_WARN_UNDECLARED_SELECTOR = YES;
				GCC_WARN_UNINITIALIZED_AUTOS = YES_AGGRESSIVE;
				GCC_WARN_UNUSED_FUNCTION = YES;
				GCC_WARN_UNUSED_VARIABLE = YES;
				IPHONEOS_DEPLOYMENT_TARGET = 9.1;
				MTL_ENABLE_DEBUG_INFO = NO;
				PROVISIONING_PROFILE = "4e031e3f-9289-43a4-b3d8-579b4e7cfb03";
				SDKROOT = iphoneos;
				SWIFT_OPTIMIZATION_LEVEL = "-Owholemodule";
				TARGETED_DEVICE_FAMILY = "1,2";
				VALIDATE_PRODUCT = YES;
			};
			name = Release;
		};
		1D38AC151C230F290017EC9E /* Debug */ = {
			isa = XCBuildConfiguration;
			baseConfigurationReference = 023BFD67CF56AFD61E42C50B /* Pods-Restroom.debug.xcconfig */;
			buildSettings = {
				ALWAYS_EMBED_SWIFT_STANDARD_LIBRARIES = YES;
				ASSETCATALOG_COMPILER_APPICON_NAME = AppIcon;
				CODE_SIGN_IDENTITY = "iPhone Developer";
				"CODE_SIGN_IDENTITY[sdk=iphoneos*]" = "iPhone Developer";
				CURRENT_PROJECT_VERSION = 01.01.08;
				DEVELOPMENT_TEAM = Y7EDXDN93M;
				EXECUTABLE_EXTENSION = "";
				EXECUTABLE_PREFIX = "";
				FRAMEWORK_SEARCH_PATHS = (
					"$(inherited)",
					"$(PROJECT_DIR)",
				);
				HEADER_SEARCH_PATHS = "$(inherited)";
				INFOPLIST_FILE = Restroom/Info.plist;
				IPHONEOS_DEPLOYMENT_TARGET = 8.0;
				LD_RUNPATH_SEARCH_PATHS = "$(inherited) @executable_path/Frameworks";
				PRODUCT_BUNDLE_IDENTIFIER = org.ACTransit.RestroomFinder;
				PRODUCT_NAME = "$(TARGET_NAME)";
				PROVISIONING_PROFILE = "8dea2664-6285-4c6e-b38a-99336a187502";
				PROVISIONING_PROFILE_SPECIFIER = AtajadodRestroomFinder;
				SWIFT_INCLUDE_PATHS = "";
				SWIFT_OBJC_BRIDGING_HEADER = "Restroom/Restroom-Bridging-Header.h";
				SWIFT_VERSION = 2.3;
				TARGETED_DEVICE_FAMILY = "1,2";
				VERSIONING_SYSTEM = "";
			};
			name = Debug;
		};
		1D38AC161C230F290017EC9E /* Release */ = {
			isa = XCBuildConfiguration;
			baseConfigurationReference = 130CE0C5443A25037395E024 /* Pods-Restroom.release.xcconfig */;
			buildSettings = {
				ALWAYS_EMBED_SWIFT_STANDARD_LIBRARIES = YES;
				ASSETCATALOG_COMPILER_APPICON_NAME = AppIcon;
				CODE_SIGN_IDENTITY = "iPhone Developer";
				"CODE_SIGN_IDENTITY[sdk=iphoneos*]" = "iPhone Developer";
				CURRENT_PROJECT_VERSION = 01.01.08;
				DEVELOPMENT_TEAM = Y7EDXDN93M;
				EXECUTABLE_EXTENSION = "";
				EXECUTABLE_PREFIX = "";
				FRAMEWORK_SEARCH_PATHS = (
					"$(inherited)",
					"$(PROJECT_DIR)",
				);
				HEADER_SEARCH_PATHS = "$(inherited)";
				INFOPLIST_FILE = Restroom/Info.plist;
				IPHONEOS_DEPLOYMENT_TARGET = 8.0;
				LD_RUNPATH_SEARCH_PATHS = "$(inherited) @executable_path/Frameworks";
				PRODUCT_BUNDLE_IDENTIFIER = org.ACTransit.RestroomFinder;
				PRODUCT_NAME = "$(TARGET_NAME)";
				PROVISIONING_PROFILE = "8dea2664-6285-4c6e-b38a-99336a187502";
				PROVISIONING_PROFILE_SPECIFIER = AtajadodRestroomFinder;
				SWIFT_INCLUDE_PATHS = "";
				SWIFT_OBJC_BRIDGING_HEADER = "Restroom/Restroom-Bridging-Header.h";
				SWIFT_VERSION = 2.3;
				TARGETED_DEVICE_FAMILY = "1,2";
				VERSIONING_SYSTEM = "";
			};
			name = Release;
		};
		1D38AC181C230F290017EC9E /* Debug */ = {
			isa = XCBuildConfiguration;
			baseConfigurationReference = 07E96F289D45A98F7E59141C /* Pods-RestroomTests.debug.xcconfig */;
			buildSettings = {
				BUNDLE_LOADER = "$(TEST_HOST)";
				INFOPLIST_FILE = RestroomTests/Info.plist;
				LD_RUNPATH_SEARCH_PATHS = "$(inherited) @executable_path/Frameworks @loader_path/Frameworks";
				PRODUCT_BUNDLE_IDENTIFIER = act.RestroomTests;
				PRODUCT_NAME = "$(TARGET_NAME)";
				SWIFT_VERSION = 2.3;
				TEST_HOST = "$(BUILT_PRODUCTS_DIR)/Restroom.app/Restroom";
			};
			name = Debug;
		};
		1D38AC191C230F290017EC9E /* Release */ = {
			isa = XCBuildConfiguration;
			baseConfigurationReference = 84E202A076D46726EA32494E /* Pods-RestroomTests.release.xcconfig */;
			buildSettings = {
				BUNDLE_LOADER = "$(TEST_HOST)";
				INFOPLIST_FILE = RestroomTests/Info.plist;
				LD_RUNPATH_SEARCH_PATHS = "$(inherited) @executable_path/Frameworks @loader_path/Frameworks";
				PRODUCT_BUNDLE_IDENTIFIER = act.RestroomTests;
				PRODUCT_NAME = "$(TARGET_NAME)";
				SWIFT_VERSION = 2.3;
				TEST_HOST = "$(BUILT_PRODUCTS_DIR)/Restroom.app/Restroom";
			};
			name = Release;
		};
		1D38AC1B1C230F290017EC9E /* Debug */ = {
			isa = XCBuildConfiguration;
			baseConfigurationReference = E831279B87FE8A691867E9F1 /* Pods-RestroomUITests.debug.xcconfig */;
			buildSettings = {
				INFOPLIST_FILE = RestroomUITests/Info.plist;
				LD_RUNPATH_SEARCH_PATHS = "$(inherited) @executable_path/Frameworks @loader_path/Frameworks";
				MACOSX_DEPLOYMENT_TARGET = 10.6;
				PRODUCT_BUNDLE_IDENTIFIER = act.RestroomUITests;
				PRODUCT_NAME = "$(TARGET_NAME)";
				SWIFT_VERSION = 2.3;
				TEST_TARGET_NAME = Restroom;
				USES_XCTRUNNER = YES;
			};
			name = Debug;
		};
		1D38AC1C1C230F290017EC9E /* Release */ = {
			isa = XCBuildConfiguration;
			baseConfigurationReference = 0E08718CCEAF1D67A9F27678 /* Pods-RestroomUITests.release.xcconfig */;
			buildSettings = {
				INFOPLIST_FILE = RestroomUITests/Info.plist;
				LD_RUNPATH_SEARCH_PATHS = "$(inherited) @executable_path/Frameworks @loader_path/Frameworks";
				MACOSX_DEPLOYMENT_TARGET = 10.6;
				PRODUCT_BUNDLE_IDENTIFIER = act.RestroomUITests;
				PRODUCT_NAME = "$(TARGET_NAME)";
				SWIFT_VERSION = 2.3;
				TEST_TARGET_NAME = Restroom;
				USES_XCTRUNNER = YES;
			};
			name = Release;
		};
/* End XCBuildConfiguration section */

/* Begin XCConfigurationList section */
		1D38ABE71C230F290017EC9E /* Build configuration list for PBXProject "Restroom" */ = {
			isa = XCConfigurationList;
			buildConfigurations = (
				1D38AC121C230F290017EC9E /* Debug */,
				1D38AC131C230F290017EC9E /* Release */,
			);
			defaultConfigurationIsVisible = 0;
			defaultConfigurationName = Release;
		};
		1D38AC141C230F290017EC9E /* Build configuration list for PBXNativeTarget "Restroom" */ = {
			isa = XCConfigurationList;
			buildConfigurations = (
				1D38AC151C230F290017EC9E /* Debug */,
				1D38AC161C230F290017EC9E /* Release */,
			);
			defaultConfigurationIsVisible = 0;
			defaultConfigurationName = Release;
		};
		1D38AC171C230F290017EC9E /* Build configuration list for PBXNativeTarget "RestroomTests" */ = {
			isa = XCConfigurationList;
			buildConfigurations = (
				1D38AC181C230F290017EC9E /* Debug */,
				1D38AC191C230F290017EC9E /* Release */,
			);
			defaultConfigurationIsVisible = 0;
			defaultConfigurationName = Release;
		};
		1D38AC1A1C230F290017EC9E /* Build configuration list for PBXNativeTarget "RestroomUITests" */ = {
			isa = XCConfigurationList;
			buildConfigurations = (
				1D38AC1B1C230F290017EC9E /* Debug */,
				1D38AC1C1C230F290017EC9E /* Release */,
			);
			defaultConfigurationIsVisible = 0;
			defaultConfigurationName = Release;
		};
/* End XCConfigurationList section */
	};
	rootObject = 1D38ABE41C230F290017EC9E /* Project object */;
}

